
Microsoft Visual Studio Solution File, Format Version 12.00
Project("{FAE04EC0-301F-11D3-BF4B-00C04F79EFBC}") = "ShoppingCartApi", "ShoppingCartApi\ShoppingCartApi.csproj", "{42B15326-F57D-4D60-8D45-911C80A1C28D}"
EndProject
Global
	GlobalSection(SolutionConfigurationPlatforms) = preSolution
		Debug|Any CPU = Debug|Any CPU
		Release|Any CPU = Release|Any CPU
	EndGlobalSection
	GlobalSection(ProjectConfigurationPlatforms) = postSolution
		{42B15326-F57D-4D60-8D45-911C80A1C28D}.Debug|Any CPU.ActiveCfg = Debug|Any CPU
		{42B15326-F57D-4D60-8D45-911C80A1C28D}.Debug|Any CPU.Build.0 = Debug|Any CPU
		{42B15326-F57D-4D60-8D45-911C80A1C28D}.Release|Any CPU.ActiveCfg = Release|Any CPU
		{42B15326-F57D-4D60-8D45-911C80A1C28D}.Release|Any CPU.Build.0 = Release|Any CPU
	EndGlobalSection
EndGlobal
